// !$*UTF8*$!
{
	archiveVersion = 1;
	classes = {
	};
	objectVersion = 50;
	objects = {

/* Begin PBXBuildFile section */
		5B31744D298DAEB0005A2518 /* ItemCartTableViewCell.swift in Sources */ = {isa = PBXBuildFile; fileRef = 5B31744C298DAEB0005A2518 /* ItemCartTableViewCell.swift */; };
		5BA4569D299000ED00DF4658 /* TeamCollectionViewCell.swift in Sources */ = {isa = PBXBuildFile; fileRef = 5BA4569C299000ED00DF4658 /* TeamCollectionViewCell.swift */; };
		5BA4569F299049F000DF4658 /* Team.swift in Sources */ = {isa = PBXBuildFile; fileRef = 5BA4569E299049F000DF4658 /* Team.swift */; };
		D813D4342994369F00CB9991 /* CustomTableViewCell.swift in Sources */ = {isa = PBXBuildFile; fileRef = D813D4332994369F00CB9991 /* CustomTableViewCell.swift */; };
		D8453870299E2A61009B3ED1 /* Cart.swift in Sources */ = {isa = PBXBuildFile; fileRef = D845386F299E2A61009B3ED1 /* Cart.swift */; };
		D864E52B2996F3F3002C54C4 /* CustomButton.swift in Sources */ = {isa = PBXBuildFile; fileRef = D864E52A2996F3F3002C54C4 /* CustomButton.swift */; };
		D882E56D2991395E00362841 /* CollectionViewCell.swift in Sources */ = {isa = PBXBuildFile; fileRef = D882E56C2991395E00362841 /* CollectionViewCell.swift */; };
		D8AEFA3529897E08003737A9 /* AppDelegate.swift in Sources */ = {isa = PBXBuildFile; fileRef = D8AEFA3429897E08003737A9 /* AppDelegate.swift */; };
		D8AEFA3729897E08003737A9 /* SceneDelegate.swift in Sources */ = {isa = PBXBuildFile; fileRef = D8AEFA3629897E08003737A9 /* SceneDelegate.swift */; };
		D8AEFA3929897E08003737A9 /* MainViewController.swift in Sources */ = {isa = PBXBuildFile; fileRef = D8AEFA3829897E08003737A9 /* MainViewController.swift */; };
		D8AEFA3C29897E08003737A9 /* Main.storyboard in Resources */ = {isa = PBXBuildFile; fileRef = D8AEFA3A29897E08003737A9 /* Main.storyboard */; };
		D8AEFA3E29897E14003737A9 /* Assets.xcassets in Resources */ = {isa = PBXBuildFile; fileRef = D8AEFA3D29897E14003737A9 /* Assets.xcassets */; };
		D8AEFA4129897E14003737A9 /* LaunchScreen.storyboard in Resources */ = {isa = PBXBuildFile; fileRef = D8AEFA3F29897E14003737A9 /* LaunchScreen.storyboard */; };
		D8AEFA4E298980FA003737A9 /* DataStore.swift in Sources */ = {isa = PBXBuildFile; fileRef = D8AEFA4D298980FA003737A9 /* DataStore.swift */; };
		D8AEFA502989813E003737A9 /* Product.swift in Sources */ = {isa = PBXBuildFile; fileRef = D8AEFA4F2989813E003737A9 /* Product.swift */; };
		D8AEFA52298982E6003737A9 /* CatalogueViewController.swift in Sources */ = {isa = PBXBuildFile; fileRef = D8AEFA51298982E6003737A9 /* CatalogueViewController.swift */; };
		D8AEFA54298983C0003737A9 /* ProductInfoViewController.swift in Sources */ = {isa = PBXBuildFile; fileRef = D8AEFA53298983C0003737A9 /* ProductInfoViewController.swift */; };
		D8AEFA562989840B003737A9 /* CategoryListViewController.swift in Sources */ = {isa = PBXBuildFile; fileRef = D8AEFA552989840B003737A9 /* CategoryListViewController.swift */; };
		D8AEFA5D2989862B003737A9 /* CartViewController.swift in Sources */ = {isa = PBXBuildFile; fileRef = D8AEFA5C2989862B003737A9 /* CartViewController.swift */; };
		D8AEFA5F29898649003737A9 /* TeamViewController.swift in Sources */ = {isa = PBXBuildFile; fileRef = D8AEFA5E29898649003737A9 /* TeamViewController.swift */; };
		D8AEFA62298987C9003737A9 /* Catalogue.storyboard in Resources */ = {isa = PBXBuildFile; fileRef = D8AEFA61298987C9003737A9 /* Catalogue.storyboard */; };
		D8AEFA64298987DE003737A9 /* Cart.storyboard in Resources */ = {isa = PBXBuildFile; fileRef = D8AEFA63298987DE003737A9 /* Cart.storyboard */; };
		D8AEFA66298987EC003737A9 /* Team.storyboard in Resources */ = {isa = PBXBuildFile; fileRef = D8AEFA65298987EC003737A9 /* Team.storyboard */; };
		D8AEFA8C298AE751003737A9 /* HomeViewController.swift in Sources */ = {isa = PBXBuildFile; fileRef = D8AEFA8B298AE751003737A9 /* HomeViewController.swift */; };
		D8AEFA8E298AFE33003737A9 /* ProductInfo.storyboard in Resources */ = {isa = PBXBuildFile; fileRef = D8AEFA8D298AFE33003737A9 /* ProductInfo.storyboard */; };
/* End PBXBuildFile section */

/* Begin PBXFileReference section */
		5B31744C298DAEB0005A2518 /* ItemCartTableViewCell.swift */ = {isa = PBXFileReference; lastKnownFileType = sourcecode.swift; path = ItemCartTableViewCell.swift; sourceTree = "<group>"; };
		5BA4569C299000ED00DF4658 /* TeamCollectionViewCell.swift */ = {isa = PBXFileReference; lastKnownFileType = sourcecode.swift; path = TeamCollectionViewCell.swift; sourceTree = "<group>"; };
		5BA4569E299049F000DF4658 /* Team.swift */ = {isa = PBXFileReference; lastKnownFileType = sourcecode.swift; path = Team.swift; sourceTree = "<group>"; };
		D813D4332994369F00CB9991 /* CustomTableViewCell.swift */ = {isa = PBXFileReference; lastKnownFileType = sourcecode.swift; path = CustomTableViewCell.swift; sourceTree = "<group>"; };
		D845386F299E2A61009B3ED1 /* Cart.swift */ = {isa = PBXFileReference; lastKnownFileType = sourcecode.swift; path = Cart.swift; sourceTree = "<group>"; };
		D864E52A2996F3F3002C54C4 /* CustomButton.swift */ = {isa = PBXFileReference; lastKnownFileType = sourcecode.swift; path = CustomButton.swift; sourceTree = "<group>"; };
		D882E56C2991395E00362841 /* CollectionViewCell.swift */ = {isa = PBXFileReference; lastKnownFileType = sourcecode.swift; path = CollectionViewCell.swift; sourceTree = "<group>"; };
		D8AEFA3129897E07003737A9 /* SwiftStore.app */ = {isa = PBXFileReference; explicitFileType = wrapper.application; includeInIndex = 0; path = SwiftStore.app; sourceTree = BUILT_PRODUCTS_DIR; };
		D8AEFA3429897E08003737A9 /* AppDelegate.swift */ = {isa = PBXFileReference; lastKnownFileType = sourcecode.swift; path = AppDelegate.swift; sourceTree = "<group>"; };
		D8AEFA3629897E08003737A9 /* SceneDelegate.swift */ = {isa = PBXFileReference; lastKnownFileType = sourcecode.swift; path = SceneDelegate.swift; sourceTree = "<group>"; };
		D8AEFA3829897E08003737A9 /* MainViewController.swift */ = {isa = PBXFileReference; lastKnownFileType = sourcecode.swift; path = MainViewController.swift; sourceTree = "<group>"; };
		D8AEFA3B29897E08003737A9 /* Base */ = {isa = PBXFileReference; lastKnownFileType = file.storyboard; name = Base; path = Base.lproj/Main.storyboard; sourceTree = "<group>"; };
		D8AEFA3D29897E14003737A9 /* Assets.xcassets */ = {isa = PBXFileReference; lastKnownFileType = folder.assetcatalog; path = Assets.xcassets; sourceTree = "<group>"; };
		D8AEFA4029897E14003737A9 /* Base */ = {isa = PBXFileReference; lastKnownFileType = file.storyboard; name = Base; path = Base.lproj/LaunchScreen.storyboard; sourceTree = "<group>"; };
		D8AEFA4229897E14003737A9 /* Info.plist */ = {isa = PBXFileReference; lastKnownFileType = text.plist.xml; path = Info.plist; sourceTree = "<group>"; };
		D8AEFA4D298980FA003737A9 /* DataStore.swift */ = {isa = PBXFileReference; lastKnownFileType = sourcecode.swift; path = DataStore.swift; sourceTree = "<group>"; };
		D8AEFA4F2989813E003737A9 /* Product.swift */ = {isa = PBXFileReference; lastKnownFileType = sourcecode.swift; path = Product.swift; sourceTree = "<group>"; };
		D8AEFA51298982E6003737A9 /* CatalogueViewController.swift */ = {isa = PBXFileReference; lastKnownFileType = sourcecode.swift; path = CatalogueViewController.swift; sourceTree = "<group>"; };
		D8AEFA53298983C0003737A9 /* ProductInfoViewController.swift */ = {isa = PBXFileReference; lastKnownFileType = sourcecode.swift; path = ProductInfoViewController.swift; sourceTree = "<group>"; };
		D8AEFA552989840B003737A9 /* CategoryListViewController.swift */ = {isa = PBXFileReference; lastKnownFileType = sourcecode.swift; path = CategoryListViewController.swift; sourceTree = "<group>"; };
		D8AEFA5C2989862B003737A9 /* CartViewController.swift */ = {isa = PBXFileReference; lastKnownFileType = sourcecode.swift; path = CartViewController.swift; sourceTree = "<group>"; };
		D8AEFA5E29898649003737A9 /* TeamViewController.swift */ = {isa = PBXFileReference; lastKnownFileType = sourcecode.swift; path = TeamViewController.swift; sourceTree = "<group>"; };
		D8AEFA61298987C9003737A9 /* Catalogue.storyboard */ = {isa = PBXFileReference; lastKnownFileType = file.storyboard; path = Catalogue.storyboard; sourceTree = "<group>"; };
		D8AEFA63298987DE003737A9 /* Cart.storyboard */ = {isa = PBXFileReference; lastKnownFileType = file.storyboard; path = Cart.storyboard; sourceTree = "<group>"; };
		D8AEFA65298987EC003737A9 /* Team.storyboard */ = {isa = PBXFileReference; lastKnownFileType = file.storyboard; path = Team.storyboard; sourceTree = "<group>"; };
		D8AEFA8B298AE751003737A9 /* HomeViewController.swift */ = {isa = PBXFileReference; lastKnownFileType = sourcecode.swift; path = HomeViewController.swift; sourceTree = "<group>"; };
		D8AEFA8D298AFE33003737A9 /* ProductInfo.storyboard */ = {isa = PBXFileReference; lastKnownFileType = file.storyboard; path = ProductInfo.storyboard; sourceTree = "<group>"; };
/* End PBXFileReference section */

/* Begin PBXFrameworksBuildPhase section */
		D8AEFA2E29897E07003737A9 /* Frameworks */ = {
			isa = PBXFrameworksBuildPhase;
			buildActionMask = 2147483647;
			files = (
			);
			runOnlyForDeploymentPostprocessing = 0;
		};
/* End PBXFrameworksBuildPhase section */

/* Begin PBXGroup section */
		D8AEFA2829897E07003737A9 = {
			isa = PBXGroup;
			children = (
				D8AEFA3329897E07003737A9 /* SwiftStore */,
				D8AEFA3229897E07003737A9 /* Products */,
			);
			sourceTree = "<group>";
		};
		D8AEFA3229897E07003737A9 /* Products */ = {
			isa = PBXGroup;
			children = (
				D8AEFA3129897E07003737A9 /* SwiftStore.app */,
			);
			name = Products;
			sourceTree = "<group>";
		};
		D8AEFA3329897E07003737A9 /* SwiftStore */ = {
			isa = PBXGroup;
			children = (
				D8AEFA4C298980D0003737A9 /* DataManager */,
				D8AEFA4B298980B8003737A9 /* Models */,
				D8AEFA4A29897EA3003737A9 /* App */,
				D8AEFA4929897E6F003737A9 /* Controllers */,
				D8AEFA4829897E5E003737A9 /* Storyboards */,
				D8AEFA3D29897E14003737A9 /* Assets.xcassets */,
			);
			path = SwiftStore;
			sourceTree = "<group>";
		};
		D8AEFA4829897E5E003737A9 /* Storyboards */ = {
			isa = PBXGroup;
			children = (
				D8AEFA3F29897E14003737A9 /* LaunchScreen.storyboard */,
				D8AEFA3A29897E08003737A9 /* Main.storyboard */,
				D8AEFA61298987C9003737A9 /* Catalogue.storyboard */,
				D8AEFA63298987DE003737A9 /* Cart.storyboard */,
				D8AEFA65298987EC003737A9 /* Team.storyboard */,
				D8AEFA8D298AFE33003737A9 /* ProductInfo.storyboard */,
			);
			path = Storyboards;
			sourceTree = "<group>";
		};
		D8AEFA4929897E6F003737A9 /* Controllers */ = {
			isa = PBXGroup;
			children = (
				D8AEFA5729898427003737A9 /* Main */,
				D8AEFA582989844D003737A9 /* Catalogue */,
				D8AEFA5B298985C4003737A9 /* Cart */,
				D8AEFA6029898652003737A9 /* Team */,
			);
			path = Controllers;
			sourceTree = "<group>";
		};
		D8AEFA4A29897EA3003737A9 /* App */ = {
			isa = PBXGroup;
			children = (
				D8AEFA3429897E08003737A9 /* AppDelegate.swift */,
				D8AEFA3629897E08003737A9 /* SceneDelegate.swift */,
				D8AEFA4229897E14003737A9 /* Info.plist */,
			);
			path = App;
			sourceTree = "<group>";
		};
		D8AEFA4B298980B8003737A9 /* Models */ = {
			isa = PBXGroup;
			children = (
				D8AEFA4F2989813E003737A9 /* Product.swift */,
				5BA4569E299049F000DF4658 /* Team.swift */,
			);
			path = Models;
			sourceTree = "<group>";
		};
		D8AEFA4C298980D0003737A9 /* DataManager */ = {
			isa = PBXGroup;
			children = (
				D8AEFA4D298980FA003737A9 /* DataStore.swift */,
				D845386F299E2A61009B3ED1 /* Cart.swift */,
			);
			path = DataManager;
			sourceTree = "<group>";
		};
		D8AEFA5729898427003737A9 /* Main */ = {
			isa = PBXGroup;
			children = (
				D8AEFA3829897E08003737A9 /* MainViewController.swift */,
				D8AEFA8B298AE751003737A9 /* HomeViewController.swift */,
				D882E56C2991395E00362841 /* CollectionViewCell.swift */,
				D864E52A2996F3F3002C54C4 /* CustomButton.swift */,
			);
			path = Main;
			sourceTree = "<group>";
		};
		D8AEFA582989844D003737A9 /* Catalogue */ = {
			isa = PBXGroup;
			children = (
				D8AEFA51298982E6003737A9 /* CatalogueViewController.swift */,
				D8AEFA53298983C0003737A9 /* ProductInfoViewController.swift */,
				D8AEFA552989840B003737A9 /* CategoryListViewController.swift */,
				D813D4332994369F00CB9991 /* CustomTableViewCell.swift */,
			);
			path = Catalogue;
			sourceTree = "<group>";
		};
		D8AEFA5B298985C4003737A9 /* Cart */ = {
			isa = PBXGroup;
			children = (
				D8AEFA5C2989862B003737A9 /* CartViewController.swift */,
				5B31744C298DAEB0005A2518 /* ItemCartTableViewCell.swift */,
			);
			path = Cart;
			sourceTree = "<group>";
		};
		D8AEFA6029898652003737A9 /* Team */ = {
			isa = PBXGroup;
			children = (
				D8AEFA5E29898649003737A9 /* TeamViewController.swift */,
				5BA4569C299000ED00DF4658 /* TeamCollectionViewCell.swift */,
			);
			path = Team;
			sourceTree = "<group>";
		};
/* End PBXGroup section */

/* Begin PBXNativeTarget section */
		D8AEFA3029897E07003737A9 /* SwiftStore */ = {
			isa = PBXNativeTarget;
			buildConfigurationList = D8AEFA4529897E14003737A9 /* Build configuration list for PBXNativeTarget "SwiftStore" */;
			buildPhases = (
				D8AEFA2D29897E07003737A9 /* Sources */,
				D8AEFA2E29897E07003737A9 /* Frameworks */,
				D8AEFA2F29897E07003737A9 /* Resources */,
			);
			buildRules = (
			);
			dependencies = (
			);
			name = SwiftStore;
			productName = SwiftStore;
			productReference = D8AEFA3129897E07003737A9 /* SwiftStore.app */;
			productType = "com.apple.product-type.application";
		};
/* End PBXNativeTarget section */

/* Begin PBXProject section */
		D8AEFA2929897E07003737A9 /* Project object */ = {
			isa = PBXProject;
			attributes = {
				LastSwiftUpdateCheck = 1250;
				LastUpgradeCheck = 1250;
				TargetAttributes = {
					D8AEFA3029897E07003737A9 = {
						CreatedOnToolsVersion = 12.5.1;
					};
				};
			};
			buildConfigurationList = D8AEFA2C29897E07003737A9 /* Build configuration list for PBXProject "SwiftStore" */;
			compatibilityVersion = "Xcode 9.3";
			developmentRegion = en;
			hasScannedForEncodings = 0;
			knownRegions = (
				en,
				Base,
			);
			mainGroup = D8AEFA2829897E07003737A9;
			productRefGroup = D8AEFA3229897E07003737A9 /* Products */;
			projectDirPath = "";
			projectRoot = "";
			targets = (
				D8AEFA3029897E07003737A9 /* SwiftStore */,
			);
		};
/* End PBXProject section */

/* Begin PBXResourcesBuildPhase section */
		D8AEFA2F29897E07003737A9 /* Resources */ = {
			isa = PBXResourcesBuildPhase;
			buildActionMask = 2147483647;
			files = (
				D8AEFA62298987C9003737A9 /* Catalogue.storyboard in Resources */,
				D8AEFA4129897E14003737A9 /* LaunchScreen.storyboard in Resources */,
				D8AEFA3E29897E14003737A9 /* Assets.xcassets in Resources */,
				D8AEFA8E298AFE33003737A9 /* ProductInfo.storyboard in Resources */,
				D8AEFA66298987EC003737A9 /* Team.storyboard in Resources */,
				D8AEFA64298987DE003737A9 /* Cart.storyboard in Resources */,
				D8AEFA3C29897E08003737A9 /* Main.storyboard in Resources */,
			);
			runOnlyForDeploymentPostprocessing = 0;
		};
/* End PBXResourcesBuildPhase section */

/* Begin PBXSourcesBuildPhase section */
		D8AEFA2D29897E07003737A9 /* Sources */ = {
			isa = PBXSourcesBuildPhase;
			buildActionMask = 2147483647;
			files = (
				D8AEFA52298982E6003737A9 /* CatalogueViewController.swift in Sources */,
				D8453870299E2A61009B3ED1 /* Cart.swift in Sources */,
				D882E56D2991395E00362841 /* CollectionViewCell.swift in Sources */,
				D8AEFA3929897E08003737A9 /* MainViewController.swift in Sources */,
				5BA4569F299049F000DF4658 /* Team.swift in Sources */,
				D8AEFA4E298980FA003737A9 /* DataStore.swift in Sources */,
				D864E52B2996F3F3002C54C4 /* CustomButton.swift in Sources */,
				D8AEFA502989813E003737A9 /* Product.swift in Sources */,
				D8AEFA3529897E08003737A9 /* AppDelegate.swift in Sources */,
				D8AEFA54298983C0003737A9 /* ProductInfoViewController.swift in Sources */,
				D8AEFA3729897E08003737A9 /* SceneDelegate.swift in Sources */,
				D8AEFA8C298AE751003737A9 /* HomeViewController.swift in Sources */,
				D8AEFA5D2989862B003737A9 /* CartViewController.swift in Sources */,
				D8AEFA562989840B003737A9 /* CategoryListViewController.swift in Sources */,
				5B31744D298DAEB0005A2518 /* ItemCartTableViewCell.swift in Sources */,
				D8AEFA5F29898649003737A9 /* TeamViewController.swift in Sources */,
				5BA4569D299000ED00DF4658 /* TeamCollectionViewCell.swift in Sources */,
				D813D4342994369F00CB9991 /* CustomTableViewCell.swift in Sources */,
			);
			runOnlyForDeploymentPostprocessing = 0;
		};
/* End PBXSourcesBuildPhase section */

/* Begin PBXVariantGroup section */
		D8AEFA3A29897E08003737A9 /* Main.storyboard */ = {
			isa = PBXVariantGroup;
			children = (
				D8AEFA3B29897E08003737A9 /* Base */,
			);
			name = Main.storyboard;
			sourceTree = "<group>";
		};
		D8AEFA3F29897E14003737A9 /* LaunchScreen.storyboard */ = {
			isa = PBXVariantGroup;
			children = (
				D8AEFA4029897E14003737A9 /* Base */,
			);
			name = LaunchScreen.storyboard;
			sourceTree = "<group>";
		};
/* End PBXVariantGroup section */

/* Begin XCBuildConfiguration section */
		D8AEFA4329897E14003737A9 /* Debug */ = {
			isa = XCBuildConfiguration;
			buildSettings = {
				ALWAYS_SEARCH_USER_PATHS = NO;
				CLANG_ANALYZER_NONNULL = YES;
				CLANG_ANALYZER_NUMBER_OBJECT_CONVERSION = YES_AGGRESSIVE;
				CLANG_CXX_LANGUAGE_STANDARD = "gnu++14";
				CLANG_CXX_LIBRARY = "libc++";
				CLANG_ENABLE_MODULES = YES;
				CLANG_ENABLE_OBJC_ARC = YES;
				CLANG_ENABLE_OBJC_WEAK = YES;
				CLANG_WARN_BLOCK_CAPTURE_AUTORELEASING = YES;
				CLANG_WARN_BOOL_CONVERSION = YES;
				CLANG_WARN_COMMA = YES;
				CLANG_WARN_CONSTANT_CONVERSION = YES;
				CLANG_WARN_DEPRECATED_OBJC_IMPLEMENTATIONS = YES;
				CLANG_WARN_DIRECT_OBJC_ISA_USAGE = YES_ERROR;
				CLANG_WARN_DOCUMENTATION_COMMENTS = YES;
				CLANG_WARN_EMPTY_BODY = YES;
				CLANG_WARN_ENUM_CONVERSION = YES;
				CLANG_WARN_INFINITE_RECURSION = YES;
				CLANG_WARN_INT_CONVERSION = YES;
				CLANG_WARN_NON_LITERAL_NULL_CONVERSION = YES;
				CLANG_WARN_OBJC_IMPLICIT_RETAIN_SELF = YES;
				CLANG_WARN_OBJC_LITERAL_CONVERSION = YES;
				CLANG_WARN_OBJC_ROOT_CLASS = YES_ERROR;
				CLANG_WARN_QUOTED_INCLUDE_IN_FRAMEWORK_HEADER = YES;
				CLANG_WARN_RANGE_LOOP_ANALYSIS = YES;
				CLANG_WARN_STRICT_PROTOTYPES = YES;
				CLANG_WARN_SUSPICIOUS_MOVE = YES;
				CLANG_WARN_UNGUARDED_AVAILABILITY = YES_AGGRESSIVE;
				CLANG_WARN_UNREACHABLE_CODE = YES;
				CLANG_WARN__DUPLICATE_METHOD_MATCH = YES;
				COPY_PHASE_STRIP = NO;
				DEBUG_INFORMATION_FORMAT = dwarf;
				ENABLE_STRICT_OBJC_MSGSEND = YES;
				ENABLE_TESTABILITY = YES;
				GCC_C_LANGUAGE_STANDARD = gnu11;
				GCC_DYNAMIC_NO_PIC = NO;
				GCC_NO_COMMON_BLOCKS = YES;
				GCC_OPTIMIZATION_LEVEL = 0;
				GCC_PREPROCESSOR_DEFINITIONS = (
					"DEBUG=1",
					"$(inherited)",
				);
				GCC_WARN_64_TO_32_BIT_CONVERSION = YES;
				GCC_WARN_ABOUT_RETURN_TYPE = YES_ERROR;
				GCC_WARN_UNDECLARED_SELECTOR = YES;
				GCC_WARN_UNINITIALIZED_AUTOS = YES_AGGRESSIVE;
				GCC_WARN_UNUSED_FUNCTION = YES;
				GCC_WARN_UNUSED_VARIABLE = YES;
				IPHONEOS_DEPLOYMENT_TARGET = 14.5;
				MTL_ENABLE_DEBUG_INFO = INCLUDE_SOURCE;
				MTL_FAST_MATH = YES;
				ONLY_ACTIVE_ARCH = YES;
				SDKROOT = iphoneos;
				SWIFT_ACTIVE_COMPILATION_CONDITIONS = DEBUG;
				SWIFT_OPTIMIZATION_LEVEL = "-Onone";
			};
			name = Debug;
		};
		D8AEFA4429897E14003737A9 /* Release */ = {
			isa = XCBuildConfiguration;
			buildSettings = {
				ALWAYS_SEARCH_USER_PATHS = NO;
				CLANG_ANALYZER_NONNULL = YES;
				CLANG_ANALYZER_NUMBER_OBJECT_CONVERSION = YES_AGGRESSIVE;
				CLANG_CXX_LANGUAGE_STANDARD = "gnu++14";
				CLANG_CXX_LIBRARY = "libc++";
				CLANG_ENABLE_MODULES = YES;
				CLANG_ENABLE_OBJC_ARC = YES;
				CLANG_ENABLE_OBJC_WEAK = YES;
				CLANG_WARN_BLOCK_CAPTURE_AUTORELEASING = YES;
				CLANG_WARN_BOOL_CONVERSION = YES;
				CLANG_WARN_COMMA = YES;
				CLANG_WARN_CONSTANT_CONVERSION = YES;
				CLANG_WARN_DEPRECATED_OBJC_IMPLEMENTATIONS = YES;
				CLANG_WARN_DIRECT_OBJC_ISA_USAGE = YES_ERROR;
				CLANG_WARN_DOCUMENTATION_COMMENTS = YES;
				CLANG_WARN_EMPTY_BODY = YES;
				CLANG_WARN_ENUM_CONVERSION = YES;
				CLANG_WARN_INFINITE_RECURSION = YES;
				CLANG_WARN_INT_CONVERSION = YES;
				CLANG_WARN_NON_LITERAL_NULL_CONVERSION = YES;
				CLANG_WARN_OBJC_IMPLICIT_RETAIN_SELF = YES;
				CLANG_WARN_OBJC_LITERAL_CONVERSION = YES;
				CLANG_WARN_OBJC_ROOT_CLASS = YES_ERROR;
				CLANG_WARN_QUOTED_INCLUDE_IN_FRAMEWORK_HEADER = YES;
				CLANG_WARN_RANGE_LOOP_ANALYSIS = YES;
				CLANG_WARN_STRICT_PROTOTYPES = YES;
				CLANG_WARN_SUSPICIOUS_MOVE = YES;
				CLANG_WARN_UNGUARDED_AVAILABILITY = YES_AGGRESSIVE;
				CLANG_WARN_UNREACHABLE_CODE = YES;
				CLANG_WARN__DUPLICATE_METHOD_MATCH = YES;
				COPY_PHASE_STRIP = NO;
				DEBUG_INFORMATION_FORMAT = "dwarf-with-dsym";
				ENABLE_NS_ASSERTIONS = NO;
				ENABLE_STRICT_OBJC_MSGSEND = YES;
				GCC_C_LANGUAGE_STANDARD = gnu11;
				GCC_NO_COMMON_BLOCKS = YES;
				GCC_WARN_64_TO_32_BIT_CONVERSION = YES;
				GCC_WARN_ABOUT_RETURN_TYPE = YES_ERROR;
				GCC_WARN_UNDECLARED_SELECTOR = YES;
				GCC_WARN_UNINITIALIZED_AUTOS = YES_AGGRESSIVE;
				GCC_WARN_UNUSED_FUNCTION = YES;
				GCC_WARN_UNUSED_VARIABLE = YES;
				IPHONEOS_DEPLOYMENT_TARGET = 14.5;
				MTL_ENABLE_DEBUG_INFO = NO;
				MTL_FAST_MATH = YES;
				SDKROOT = iphoneos;
				SWIFT_COMPILATION_MODE = wholemodule;
				SWIFT_OPTIMIZATION_LEVEL = "-O";
				VALIDATE_PRODUCT = YES;
			};
			name = Release;
		};
		D8AEFA4629897E14003737A9 /* Debug */ = {
			isa = XCBuildConfiguration;
			buildSettings = {
				ASSETCATALOG_COMPILER_APPICON_NAME = AppIcon;
				ASSETCATALOG_COMPILER_GLOBAL_ACCENT_COLOR_NAME = AccentColor;
				CODE_SIGN_STYLE = Automatic;
				DEVELOPMENT_TEAM = 9LXQKMR25V;
				INFOPLIST_FILE = SwiftStore/App/Info.plist;
				LD_RUNPATH_SEARCH_PATHS = (
					"$(inherited)",
					"@executable_path/Frameworks",
				);
				PRODUCT_BUNDLE_IDENTIFIER = "SwiftBook-32-Class.SwiftStore";
				PRODUCT_NAME = "$(TARGET_NAME)";
				SWIFT_VERSION = 5.0;
				TARGETED_DEVICE_FAMILY = 1;
			};
			name = Debug;
		};
		D8AEFA4729897E14003737A9 /* Release */ = {
			isa = XCBuildConfiguration;
			buildSettings = {
				ASSETCATALOG_COMPILER_APPICON_NAME = AppIcon;
				ASSETCATALOG_COMPILER_GLOBAL_ACCENT_COLOR_NAME = AccentColor;
				CODE_SIGN_STYLE = Automatic;
				DEVELOPMENT_TEAM = 9LXQKMR25V;
				INFOPLIST_FILE = SwiftStore/App/Info.plist;
				LD_RUNPATH_SEARCH_PATHS = (
					"$(inherited)",
					"@executable_path/Frameworks",
				);
				PRODUCT_BUNDLE_IDENTIFIER = "SwiftBook-32-Class.SwiftStore";
				PRODUCT_NAME = "$(TARGET_NAME)";
				SWIFT_VERSION = 5.0;
				TARGETED_DEVICE_FAMILY = 1;
			};
			name = Release;
		};
/* End XCBuildConfiguration section */

/* Begin XCConfigurationList section */
		D8AEFA2C29897E07003737A9 /* Build configuration list for PBXProject "SwiftStore" */ = {
			isa = XCConfigurationList;
			buildConfigurations = (
				D8AEFA4329897E14003737A9 /* Debug */,
				D8AEFA4429897E14003737A9 /* Release */,
			);
			defaultConfigurationIsVisible = 0;
			defaultConfigurationName = Release;
		};
		D8AEFA4529897E14003737A9 /* Build configuration list for PBXNativeTarget "SwiftStore" */ = {
			isa = XCConfigurationList;
			buildConfigurations = (
				D8AEFA4629897E14003737A9 /* Debug */,
				D8AEFA4729897E14003737A9 /* Release */,
			);
			defaultConfigurationIsVisible = 0;
			defaultConfigurationName = Release;
		};
/* End XCConfigurationList section */
	};
	rootObject = D8AEFA2929897E07003737A9 /* Project object */;
}
